
Microsoft Visual Studio Solution File, Format Version 12.00
# Visual Studio Version 16
VisualStudioVersion = 16.0.31129.286
MinimumVisualStudioVersion = 10.0.40219.1
Project("{FAE04EC0-301F-11D3-BF4B-00C04F79EFBC}") = "Database_CSharp-2.0", "Database_CSharp-2.0\Database_CSharp-2.0.csproj", "{55F9AF1C-631A-4BB8-B3AC-09DAD8DB7C9F}"
EndProject
Global
	GlobalSection(SolutionConfigurationPlatforms) = preSolution
		Debug|Any CPU = Debug|Any CPU
		Release|Any CPU = Release|Any CPU
	EndGlobalSection
	GlobalSection(ProjectConfigurationPlatforms) = postSolution
		{55F9AF1C-631A-4BB8-B3AC-09DAD8DB7C9F}.Debug|Any CPU.ActiveCfg = Debug|Any CPU
		{55F9AF1C-631A-4BB8-B3AC-09DAD8DB7C9F}.Debug|Any CPU.Build.0 = Debug|Any CPU
		{55F9AF1C-631A-4BB8-B3AC-09DAD8DB7C9F}.Release|Any CPU.ActiveCfg = Release|Any CPU
		{55F9AF1C-631A-4BB8-B3AC-09DAD8DB7C9F}.Release|Any CPU.Build.0 = Release|Any CPU
	EndGlobalSection
	GlobalSection(SolutionProperties) = preSolution
		HideSolutionNode = FALSE
	EndGlobalSection
	GlobalSection(ExtensibilityGlobals) = postSolution
		SolutionGuid = {D8C2A68E-C222-4D0A-A8BE-048F95BB3A57}
	EndGlobalSection
EndGlobal
